
Microsoft Visual Studio Solution File, Format Version 12.00
# Visual Studio Version 17
VisualStudioVersion = 17.14.36915.13 d17.14
MinimumVisualStudioVersion = 10.0.40219.1
Project("{FAE04EC0-301F-11D3-BF4B-00C04F79EFBC}") = "Ubuntu", "Ubuntu\Ubuntu.csproj", "{98E753C2-853A-45FB-B9E1-F07DB45A832A}"
EndProject
Global
	GlobalSection(SolutionConfigurationPlatforms) = preSolution
		Debug|Any CPU = Debug|Any CPU
		Release|Any CPU = Release|Any CPU
	EndGlobalSection
	GlobalSection(ProjectConfigurationPlatforms) = postSolution
		{98E753C2-853A-45FB-B9E1-F07DB45A832A}.Debug|Any CPU.ActiveCfg = Debug|Any CPU
		{98E753C2-853A-45FB-B9E1-F07DB45A832A}.Debug|Any CPU.Build.0 = Debug|Any CPU
		{98E753C2-853A-45FB-B9E1-F07DB45A832A}.Release|Any CPU.ActiveCfg = Release|Any CPU
		{98E753C2-853A-45FB-B9E1-F07DB45A832A}.Release|Any CPU.Build.0 = Release|Any CPU
	EndGlobalSection
	GlobalSection(SolutionProperties) = preSolution
		HideSolutionNode = FALSE
	EndGlobalSection
	GlobalSection(ExtensibilityGlobals) = postSolution
		SolutionGuid = {2E396B3A-EDEE-46AF-8331-1AAB8F8ABE99}
	EndGlobalSection
EndGlobal
